<?xml version="1.0" encoding="utf-8"?>
<Project ToolsVersion="4.0" xmlns="http://schemas.microsoft.com/developer/msbuild/2003">
  <ItemGroup>
    <Filter Include="Source Files">
      <UniqueIdentifier>{4FC737F1-C7A5-4376-A066-2A32D752A2FF}</UniqueIdentifier>
      <Extensions>cpp;c;cc;cxx;c++;cppm;ixx;def;odl;idl;hpj;bat;asm;asmx</Extensions>
    </Filter>
    <Filter Include="Header Files">
      <UniqueIdentifier>{93995380-89BD-4b04-88EB-625FBE52EBFB}</UniqueIdentifier>
      <Extensions>h;hh;hpp;hxx;h++;hm;inl;inc;ipp;xsd</Extensions>
    </Filter>
    <Filter Include="Resource Files">
      <UniqueIdentifier>{67DA6AB6-F800-4c08-8B7A-83BB121AAD01}</UniqueIdentifier>
      <Extensions>rc;ico;cur;bmp;dlg;rc2;rct;bin;rgs;gif;jpg;jpeg;jpe;resx;tiff;tif;png;wav;mfcribbon-ms</Extensions>
    </Filter>
  </ItemGroup>
  <ItemGroup>
    <ClCompile Include="src\core\main.cpp">
      <Filter>Source Files</Filter>
    </ClCompile>
    <ClCompile Include="ext\ImGui\imgui.cpp">
      <Filter>Source Files</Filter>
    </ClCompile>
    <ClCompile Include="ext\ImGui\imgui_demo.cpp">
      <Filter>Source Files</Filter>
    </ClCompile>
    <ClCompile Include="ext\ImGui\imgui_draw.cpp">
      <Filter>Source Files</Filter>
    </ClCompile>
    <ClCompile Include="ext\ImGui\imgui_impl_dx11.cpp">
      <Filter>Source Files</Filter>
    </ClCompile>
    <ClCompile Include="ext\ImGui\imgui_impl_win32.cpp">
      <Filter>Source Files</Filter>
    </ClCompile>
    <ClCompile Include="ext\ImGui\imgui_tables.cpp">
      <Filter>Source Files</Filter>
    </ClCompile>
    <ClCompile Include="ext\ImGui\imgui_widgets.cpp">
      <Filter>Source Files</Filter>
    </ClCompile>
    <ClCompile Include="src\hacks\esp.cpp">
      <Filter>Source Files</Filter>
    </ClCompile>
    <ClCompile Include="src\overlay\overlay.cpp">
      <Filter>Source Files</Filter>
    </ClCompile>
    <ClCompile Include="src\math\vector.cpp">
      <Filter>Source Files</Filter>
    </ClCompile>
    <ClCompile Include="src\hacks\aimbot.cpp">
      <Filter>Source Files</Filter>
    </ClCompile>
    <ClCompile Include="src\hacks\rcs.cpp">
      <Filter>Source Files</Filter>
    </ClCompile>
    <ClCompile Include="src\entity\entity.cpp">
      <Filter>Source Files</Filter>
    </ClCompile>
    <ClCompile Include="ext\ImGui\imgui_plot.cpp">
      <Filter>Source Files</Filter>
    </ClCompile>
    <ClCompile Include="src\dse\disable dse.cpp">
      <Filter>Source Files</Filter>
    </ClCompile>
    <ClCompile Include="src\mem\memory.cpp">
      <Filter>Source Files</Filter>
    </ClCompile>
    <ClCompile Include="src\entity\local.cpp">
      <Filter>Source Files</Filter>
    </ClCompile>
    <ClCompile Include="src\entity\wentity.cpp">
      <Filter>Source Files</Filter>
    </ClCompile>
  </ItemGroup>
  <ItemGroup>
    <ClInclude Include="src\classes\bone.hpp">
      <Filter>Header Files</Filter>
    </ClInclude>
    <ClInclude Include="src\classes\global.hpp">
      <Filter>Header Files</Filter>
    </ClInclude>
    <ClInclude Include="ext\ImGui\imconfig.h">
      <Filter>Header Files</Filter>
    </ClInclude>
    <ClInclude Include="ext\ImGui\imgui.h">
      <Filter>Header Files</Filter>
    </ClInclude>
    <ClInclude Include="ext\ImGui\imgui_impl_dx11.h">
      <Filter>Header Files</Filter>
    </ClInclude>
    <ClInclude Include="ext\ImGui\imgui_impl_win32.h">
      <Filter>Header Files</Filter>
    </ClInclude>
    <ClInclude Include="ext\ImGui\imgui_internal.h">
      <Filter>Header Files</Filter>
    </ClInclude>
    <ClInclude Include="ext\ImGui\imstb_rectpack.h">
      <Filter>Header Files</Filter>
    </ClInclude>
    <ClInclude Include="ext\ImGui\imstb_textedit.h">
      <Filter>Header Files</Filter>
    </ClInclude>
    <ClInclude Include="ext\ImGui\imstb_truetype.h">
      <Filter>Header Files</Filter>
    </ClInclude>
    <ClInclude Include="src\hacks\esp.h">
      <Filter>Header Files</Filter>
    </ClInclude>
    <ClInclude Include="ext\ImGui\stb_image.h">
      <Filter>Header Files</Filter>
    </ClInclude>
    <ClInclude Include="ext\Images\playerModel.h">
      <Filter>Header Files</Filter>
    </ClInclude>
    <ClInclude Include="ext\Images\logo.h">
      <Filter>Header Files</Filter>
    </ClInclude>
    <ClInclude Include="ext\Font\font.h">
      <Filter>Header Files</Filter>
    </ClInclude>
    <ClInclude Include="src\overlay\overlay.hpp">
      <Filter>Header Files</Filter>
    </ClInclude>
    <ClInclude Include="src\math\vector.hpp">
      <Filter>Header Files</Filter>
    </ClInclude>
    <ClInclude Include="src\hacks\aimbot.h">
      <Filter>Header Files</Filter>
    </ClInclude>
    <ClInclude Include="ext\Font\fonticons.h">
      <Filter>Header Files</Filter>
    </ClInclude>
    <ClInclude Include="ext\Font\fonticonsdata.h">
      <Filter>Header Files</Filter>
    </ClInclude>
    <ClInclude Include="src\hacks\rcs.h">
      <Filter>Header Files</Filter>
    </ClInclude>
    <ClInclude Include="src\entity\entity.h">
      <Filter>Header Files</Filter>
    </ClInclude>
    <ClInclude Include="ext\ImGui\imgui_plot.hpp">
      <Filter>Header Files</Filter>
    </ClInclude>
    <ClInclude Include="src\dse\disable dse.h">
      <Filter>Header Files</Filter>
    </ClInclude>
    <ClInclude Include="src\classes\ntdll.h">
      <Filter>Header Files</Filter>
    </ClInclude>
    <ClInclude Include="src\mem\memory.h">
      <Filter>Header Files</Filter>
    </ClInclude>
    <ClInclude Include="src\entity\local.h">
      <Filter>Header Files</Filter>
    </ClInclude>
    <ClInclude Include="src\entity\wentity.h">
      <Filter>Header Files</Filter>
    </ClInclude>
  </ItemGroup>
  <ItemGroup>
    <None Include="gdrv.sys" />
    <None Include="HookDriver.sys" />
  </ItemGroup>
</Project>